<Solution>
  <Folder Name="/Esoalng.Funge.Fingerprints/">
    <Project Path="Fingerprints.Base.Tests/Esolang.Funge.Fingerprints.Base.Tests.csproj" />
    <Project Path="Fingerprints.Base/Esolang.Funge.Fingerprints.Base.csproj" />
    <Project Path="Fingerprints.Bool.Tests/Esolang.Funge.Fingerprints.Bool.Tests.csproj" />
    <Project Path="Fingerprints.Bool/Esolang.Funge.Fingerprints.Bool.csproj" />
    <Project Path="Fingerprints.File.Tests/Esolang.Funge.Fingerprints.File.Tests.csproj" />
    <Project Path="Fingerprints.File/Esolang.Funge.Fingerprints.File.csproj" />
    <Project Path="Fingerprints.Modu.Tests/Esolang.Funge.Fingerprints.Modu.Tests.csproj" />
    <Project Path="Fingerprints.Modu/Esolang.Funge.Fingerprints.Modu.csproj" />
    <Project Path="Fingerprints.Roma.Tests/Esolang.Funge.Fingerprints.Roma.Tests.csproj" />
    <Project Path="Fingerprints.Roma/Esolang.Funge.Fingerprints.Roma.csproj" />
    <Project Path="Fingerprints.Strn.Tests/Esolang.Funge.Fingerprints.Strn.Tests.csproj" />
    <Project Path="Fingerprints.Strn/Esolang.Funge.Fingerprints.Strn.csproj" />
    <Project Path="Fingerprints.Time.Tests/Esolang.Funge.Fingerprints.Time.Tests.csproj" />
    <Project Path="Fingerprints.Time/Esolang.Funge.Fingerprints.Time.csproj" />
  </Folder>
  <Folder Name="/Solution Items/">
    <File Path="Directory.Build.props" />
    <File Path="Directory.Build.targets" />
    <File Path="dotnet-tools.json" />
    <File Path="global.json" />
    <File Path=".editorconfig" />
    <File Path=".gitignore" />
    <File Path="CHANGELOG.md" />
    <File Path="LICENSE" />
    <File Path="README.md" />
  </Folder>
  <Project Path="Abstractions/Esolang.Funge.Abstractions.csproj" />
  <Project Path="Generator.Tests/Esolang.Funge.Generator.Tests.csproj" />
  <Project Path="Generator/Esolang.Funge.Generator.csproj" />
  <Project Path="Interpreter.Tests/Esolang.Funge.Interpreter.Tests.csproj" />
  <Project Path="Interpreter/Esolang.Funge.Interpreter.csproj" />
  <Project Path="Parser.Tests/Esolang.Funge.Parser.Tests.csproj" />
  <Project Path="Parser/Esolang.Funge.Parser.csproj" />
  <Project Path="Processor.Tests/Esolang.Funge.Processor.Tests.csproj" />
  <Project Path="Processor/Esolang.Funge.Processor.csproj" />
  <Project Path="samples/Generator.UseConsole/Esolang.Funge.Generator.UseConsole.csproj" />
</Solution>
